
Microsoft Visual Studio Solution File, Format Version 12.00
# Visual Studio Version 16
VisualStudioVersion = 16.0.29806.167
MinimumVisualStudioVersion = 10.0.40219.1
Project("{9A19103F-16F7-4668-BE54-9A1E7A4F7556}") = "ConsoleCS", "ConsoleCS\ConsoleCS.csproj", "{7F5DA04C-400E-45B2-9F42-F9631BFB1A47}"
EndProject
Project("{FAE04EC0-301F-11D3-BF4B-00C04F79EFBC}") = "ConsoleCS_Test", "ConsoleCS_Test\ConsoleCS_Test.csproj", "{40FFC7BC-06B9-4D3F-83F1-9FF6399E292F}"
EndProject
Global
	GlobalSection(SolutionConfigurationPlatforms) = preSolution
		Debug|Any CPU = Debug|Any CPU
		Release|Any CPU = Release|Any CPU
	EndGlobalSection
	GlobalSection(ProjectConfigurationPlatforms) = postSolution
		{7F5DA04C-400E-45B2-9F42-F9631BFB1A47}.Debug|Any CPU.ActiveCfg = Debug|Any CPU
		{7F5DA04C-400E-45B2-9F42-F9631BFB1A47}.Debug|Any CPU.Build.0 = Debug|Any CPU
		{7F5DA04C-400E-45B2-9F42-F9631BFB1A47}.Release|Any CPU.ActiveCfg = Release|Any CPU
		{7F5DA04C-400E-45B2-9F42-F9631BFB1A47}.Release|Any CPU.Build.0 = Release|Any CPU
		{40FFC7BC-06B9-4D3F-83F1-9FF6399E292F}.Debug|Any CPU.ActiveCfg = Debug|Any CPU
		{40FFC7BC-06B9-4D3F-83F1-9FF6399E292F}.Debug|Any CPU.Build.0 = Debug|Any CPU
		{40FFC7BC-06B9-4D3F-83F1-9FF6399E292F}.Release|Any CPU.ActiveCfg = Release|Any CPU
		{40FFC7BC-06B9-4D3F-83F1-9FF6399E292F}.Release|Any CPU.Build.0 = Release|Any CPU
	EndGlobalSection
	GlobalSection(SolutionProperties) = preSolution
		HideSolutionNode = FALSE
	EndGlobalSection
	GlobalSection(ExtensibilityGlobals) = postSolution
		SolutionGuid = {A0FE9F9A-7656-45EB-972B-E839FBABE4F4}
	EndGlobalSection
EndGlobal
